
Microsoft Visual Studio Solution File, Format Version 12.00
# Visual Studio Version 16
VisualStudioVersion = 16.0.31112.23
MinimumVisualStudioVersion = 10.0.40219.1
Project("{FAE04EC0-301F-11D3-BF4B-00C04F79EFBC}") = "NewProject", "NewProject\NewProject.csproj", "{30C2FE5B-2FAA-4AAC-B653-74E7EB28E34D}"
EndProject
Global
	GlobalSection(SolutionConfigurationPlatforms) = preSolution
		Debug|Any CPU = Debug|Any CPU
		Release|Any CPU = Release|Any CPU
	EndGlobalSection
	GlobalSection(ProjectConfigurationPlatforms) = postSolution
		{30C2FE5B-2FAA-4AAC-B653-74E7EB28E34D}.Debug|Any CPU.ActiveCfg = Debug|Any CPU
		{30C2FE5B-2FAA-4AAC-B653-74E7EB28E34D}.Debug|Any CPU.Build.0 = Debug|Any CPU
		{30C2FE5B-2FAA-4AAC-B653-74E7EB28E34D}.Release|Any CPU.ActiveCfg = Release|Any CPU
		{30C2FE5B-2FAA-4AAC-B653-74E7EB28E34D}.Release|Any CPU.Build.0 = Release|Any CPU
	EndGlobalSection
	GlobalSection(SolutionProperties) = preSolution
		HideSolutionNode = FALSE
	EndGlobalSection
	GlobalSection(ExtensibilityGlobals) = postSolution
		SolutionGuid = {D79A21E2-F8BC-410E-BF17-BA6F2807E1E6}
	EndGlobalSection
EndGlobal
